{
  "name": "http-and-hls",
  "lockfileVersion": 3,
  "requires": true,
  "packages": {
    "": {
      "dependencies": {
        "hls.js": "^1.5.9"
      }
    },
    "node_modules/hls.js": {
      "version": "1.5.9",
      "resolved": "https://registry.npmjs.org/hls.js/-/hls.js-1.5.9.tgz",
      "integrity": "sha512-CZBc086Ljw7Ie1IGOGUPLiINBPuJcv53O3jPRjH9aJJcbaOxAm7+jf3/TKpNZlCjCjXIz0GhmQCVAyraF7/SkA=="
    }
  }
}
